
Microsoft Visual Studio Solution File, Format Version 12.00
# Visual Studio Version 17
VisualStudioVersion = 17.11.35312.102
MinimumVisualStudioVersion = 10.0.40219.1
Project("{9A19103F-16F7-4668-BE54-9A1E7A4F7556}") = "KafeHaruno", "KafeHaruno\KafeHaruno.csproj", "{AC1AEE1C-013C-48D6-B65C-BABE63F67526}"
EndProject
Project("{2150E333-8FDC-42A3-9474-1A3956D46DE8}") = "SolutionItems", "SolutionItems", "{5307B58F-5ACF-40A4-99D5-18951667BA80}"
	ProjectSection(SolutionItems) = preProject
		.gitignore = .gitignore
	EndProjectSection
EndProject
Global
	GlobalSection(SolutionConfigurationPlatforms) = preSolution
		Debug|Any CPU = Debug|Any CPU
		Release|Any CPU = Release|Any CPU
	EndGlobalSection
	GlobalSection(ProjectConfigurationPlatforms) = postSolution
		{AC1AEE1C-013C-48D6-B65C-BABE63F67526}.Debug|Any CPU.ActiveCfg = Debug|Any CPU
		{AC1AEE1C-013C-48D6-B65C-BABE63F67526}.Debug|Any CPU.Build.0 = Debug|Any CPU
		{AC1AEE1C-013C-48D6-B65C-BABE63F67526}.Release|Any CPU.ActiveCfg = Release|Any CPU
		{AC1AEE1C-013C-48D6-B65C-BABE63F67526}.Release|Any CPU.Build.0 = Release|Any CPU
	EndGlobalSection
	GlobalSection(SolutionProperties) = preSolution
		HideSolutionNode = FALSE
	EndGlobalSection
	GlobalSection(ExtensibilityGlobals) = postSolution
		SolutionGuid = {0A6BA281-C79D-420C-82EE-188726E9A55D}
	EndGlobalSection
EndGlobal
